
Microsoft Visual Studio Solution File, Format Version 12.00
# Visual Studio Version 17
VisualStudioVersion = 17.3.32922.545
MinimumVisualStudioVersion = 10.0.40219.1
Project("{9A19103F-16F7-4668-BE54-9A1E7A4F7556}") = "ECommerce.Api.Customers", "MicroServicesFromScratchWithInMemoryDBWithDotNetCore\ECommerce.Api.Customers.csproj", "{04124182-354A-4F80-B821-9BE844F88288}"
EndProject
Project("{9A19103F-16F7-4668-BE54-9A1E7A4F7556}") = "ECommerce.Api.Products", "ECommerce.Api.Products\ECommerce.Api.Products.csproj", "{1475C1D2-C220-4436-8BAE-05AEA4C09AFC}"
EndProject
Project("{9A19103F-16F7-4668-BE54-9A1E7A4F7556}") = "ECommerce.Api.Orders", "ECommerce.Api.Orders\ECommerce.Api.Orders.csproj", "{D0007F7A-4363-4104-A0EA-468E0F88CD1E}"
EndProject
Project("{9A19103F-16F7-4668-BE54-9A1E7A4F7556}") = "ECommerce.Api.Search", "ECommerce.Api.Search\ECommerce.Api.Search.csproj", "{5CE48A05-A6A1-4344-BE11-593631B62913}"
EndProject
Project("{FAE04EC0-301F-11D3-BF4B-00C04F79EFBC}") = "ECommerce.Api.Products.Tests", "ECommerce.Api.Products.Tests\ECommerce.Api.Products.Tests.csproj", "{AB49A67B-E4A6-44EC-AF7E-C8705FBAAF3A}"
EndProject
Global
	GlobalSection(SolutionConfigurationPlatforms) = preSolution
		Debug|Any CPU = Debug|Any CPU
		Release|Any CPU = Release|Any CPU
	EndGlobalSection
	GlobalSection(ProjectConfigurationPlatforms) = postSolution
		{04124182-354A-4F80-B821-9BE844F88288}.Debug|Any CPU.ActiveCfg = Debug|Any CPU
		{04124182-354A-4F80-B821-9BE844F88288}.Debug|Any CPU.Build.0 = Debug|Any CPU
		{04124182-354A-4F80-B821-9BE844F88288}.Release|Any CPU.ActiveCfg = Release|Any CPU
		{04124182-354A-4F80-B821-9BE844F88288}.Release|Any CPU.Build.0 = Release|Any CPU
		{1475C1D2-C220-4436-8BAE-05AEA4C09AFC}.Debug|Any CPU.ActiveCfg = Debug|Any CPU
		{1475C1D2-C220-4436-8BAE-05AEA4C09AFC}.Debug|Any CPU.Build.0 = Debug|Any CPU
		{1475C1D2-C220-4436-8BAE-05AEA4C09AFC}.Release|Any CPU.ActiveCfg = Release|Any CPU
		{1475C1D2-C220-4436-8BAE-05AEA4C09AFC}.Release|Any CPU.Build.0 = Release|Any CPU
		{D0007F7A-4363-4104-A0EA-468E0F88CD1E}.Debug|Any CPU.ActiveCfg = Debug|Any CPU
		{D0007F7A-4363-4104-A0EA-468E0F88CD1E}.Debug|Any CPU.Build.0 = Debug|Any CPU
		{D0007F7A-4363-4104-A0EA-468E0F88CD1E}.Release|Any CPU.ActiveCfg = Release|Any CPU
		{D0007F7A-4363-4104-A0EA-468E0F88CD1E}.Release|Any CPU.Build.0 = Release|Any CPU
		{5CE48A05-A6A1-4344-BE11-593631B62913}.Debug|Any CPU.ActiveCfg = Debug|Any CPU
		{5CE48A05-A6A1-4344-BE11-593631B62913}.Debug|Any CPU.Build.0 = Debug|Any CPU
		{5CE48A05-A6A1-4344-BE11-593631B62913}.Release|Any CPU.ActiveCfg = Release|Any CPU
		{5CE48A05-A6A1-4344-BE11-593631B62913}.Release|Any CPU.Build.0 = Release|Any CPU
		{AB49A67B-E4A6-44EC-AF7E-C8705FBAAF3A}.Debug|Any CPU.ActiveCfg = Debug|Any CPU
		{AB49A67B-E4A6-44EC-AF7E-C8705FBAAF3A}.Debug|Any CPU.Build.0 = Debug|Any CPU
		{AB49A67B-E4A6-44EC-AF7E-C8705FBAAF3A}.Release|Any CPU.ActiveCfg = Release|Any CPU
		{AB49A67B-E4A6-44EC-AF7E-C8705FBAAF3A}.Release|Any CPU.Build.0 = Release|Any CPU
	EndGlobalSection
	GlobalSection(SolutionProperties) = preSolution
		HideSolutionNode = FALSE
	EndGlobalSection
	GlobalSection(ExtensibilityGlobals) = postSolution
		SolutionGuid = {3AFDC9D2-F045-476C-9C4B-94D1004F135E}
	EndGlobalSection
EndGlobal
